// !$*UTF8*$!
{
	archiveVersion = 1;
	classes = {
	};
	objectVersion = 77;
	objects = {

/* Begin PBXBuildFile section */
		0B3E5BF68315A0668768CC2B /* SleepView.swift in Sources */ = {isa = PBXBuildFile; fileRef = 03CA40D26954D913698EE9C9 /* SleepView.swift */; };
		10A860DB7CE0E68079263FCD /* TrendsView.swift in Sources */ = {isa = PBXBuildFile; fileRef = 99FBF2B91C0D3AF80D916FDB /* TrendsView.swift */; };
		157511806C3C5DFB318E36F8 /* WhoopMetrics.swift in Sources */ = {isa = PBXBuildFile; fileRef = 410BC2910759D484A20B8AD0 /* WhoopMetrics.swift */; };
		194B07C23C8C2B57F38B8D36 /* ContentView.swift in Sources */ = {isa = PBXBuildFile; fileRef = D6413D09B4172B6F39A31DC9 /* ContentView.swift */; };
		1A4D4377D11AC701018C6AFB /* WhoopBLEApp.swift in Sources */ = {isa = PBXBuildFile; fileRef = E7564FF39AD2E65709967694 /* WhoopBLEApp.swift */; };
		21A7AF08090EE465FD7368DD /* LiveSleepMonitor.swift in Sources */ = {isa = PBXBuildFile; fileRef = 830EC36F2F1BAC34CF765DA4 /* LiveSleepMonitor.swift */; };
		37CA09096F432638785A8EE8 /* BLEManager.swift in Sources */ = {isa = PBXBuildFile; fileRef = 93E8FCB4644BEF30243AAFC1 /* BLEManager.swift */; };
		40CD18C81F970D1BEBFA847A /* RecomputeQueue.swift in Sources */ = {isa = PBXBuildFile; fileRef = 3DCA2AB257BCFB5931BE067B /* RecomputeQueue.swift */; };
		6D33EC719FBB4FC0DD4EC315 /* DailyMetricsStore.swift in Sources */ = {isa = PBXBuildFile; fileRef = 0349276BE94FFD7A25F595E0 /* DailyMetricsStore.swift */; };
		6EE5F1DEC9C468634A3AA327 /* StepDetector.swift in Sources */ = {isa = PBXBuildFile; fileRef = 9CD6BF84B6F551612040A407 /* StepDetector.swift */; };
		828BDC8797B2CD83B7FD78CA /* SyncManager.swift in Sources */ = {isa = PBXBuildFile; fileRef = 54581F0DACB0F9EB7A30FEBD /* SyncManager.swift */; };
		92EFED5267F03F60CDC58D5E /* SleepDetector.swift in Sources */ = {isa = PBXBuildFile; fileRef = E01A4BD26A817A3C05C06C57 /* SleepDetector.swift */; };
		92FEB1641D9F179539623770 /* RawDataStore.swift in Sources */ = {isa = PBXBuildFile; fileRef = A4653D851872D7522260FDD0 /* RawDataStore.swift */; };
		A07CA9BF4B7B06E72BF3D2A8 /* DashboardView.swift in Sources */ = {isa = PBXBuildFile; fileRef = 76B6829834069A9E618EFF04 /* DashboardView.swift */; };
		A5189022475BB883E1AB5126 /* DayRecomputer.swift in Sources */ = {isa = PBXBuildFile; fileRef = 90728F9EAEFFEC25DE07724C /* DayRecomputer.swift */; };
		AA40DAAC558A12A6F51482FE /* MetricsStore.swift in Sources */ = {isa = PBXBuildFile; fileRef = 3E88A5C81A389A2D77FF70B0 /* MetricsStore.swift */; };
		B005A467D70C532DDD48CA9C /* HealthKitWriter.swift in Sources */ = {isa = PBXBuildFile; fileRef = A084D0690E2305CCA47D4A07 /* HealthKitWriter.swift */; };
		B35343FB7B8100C45464635E /* PacketDecoder.swift in Sources */ = {isa = PBXBuildFile; fileRef = B8BD33F57A938D91BA551456 /* PacketDecoder.swift */; };
		B67EF2627BE4AD2E0CE4FEEA /* CRCCalculator.swift in Sources */ = {isa = PBXBuildFile; fileRef = 97FEBE773AD5460BB8B0F5FA /* CRCCalculator.swift */; };
		F76ACA8588B604224E8FE95F /* SettingsView.swift in Sources */ = {isa = PBXBuildFile; fileRef = 330266F8329ED2CC8AA7A06D /* SettingsView.swift */; };
/* End PBXBuildFile section */

/* Begin PBXFileReference section */
		0349276BE94FFD7A25F595E0 /* DailyMetricsStore.swift */ = {isa = PBXFileReference; lastKnownFileType = sourcecode.swift; path = DailyMetricsStore.swift; sourceTree = "<group>"; };
		03CA40D26954D913698EE9C9 /* SleepView.swift */ = {isa = PBXFileReference; lastKnownFileType = sourcecode.swift; path = SleepView.swift; sourceTree = "<group>"; };
		330266F8329ED2CC8AA7A06D /* SettingsView.swift */ = {isa = PBXFileReference; lastKnownFileType = sourcecode.swift; path = SettingsView.swift; sourceTree = "<group>"; };
		3DCA2AB257BCFB5931BE067B /* RecomputeQueue.swift */ = {isa = PBXFileReference; lastKnownFileType = sourcecode.swift; path = RecomputeQueue.swift; sourceTree = "<group>"; };
		3E88A5C81A389A2D77FF70B0 /* MetricsStore.swift */ = {isa = PBXFileReference; lastKnownFileType = sourcecode.swift; path = MetricsStore.swift; sourceTree = "<group>"; };
		410BC2910759D484A20B8AD0 /* WhoopMetrics.swift */ = {isa = PBXFileReference; lastKnownFileType = sourcecode.swift; path = WhoopMetrics.swift; sourceTree = "<group>"; };
		54581F0DACB0F9EB7A30FEBD /* SyncManager.swift */ = {isa = PBXFileReference; lastKnownFileType = sourcecode.swift; path = SyncManager.swift; sourceTree = "<group>"; };
		76B6829834069A9E618EFF04 /* DashboardView.swift */ = {isa = PBXFileReference; lastKnownFileType = sourcecode.swift; path = DashboardView.swift; sourceTree = "<group>"; };
		830EC36F2F1BAC34CF765DA4 /* LiveSleepMonitor.swift */ = {isa = PBXFileReference; lastKnownFileType = sourcecode.swift; path = LiveSleepMonitor.swift; sourceTree = "<group>"; };
		90728F9EAEFFEC25DE07724C /* DayRecomputer.swift */ = {isa = PBXFileReference; lastKnownFileType = sourcecode.swift; path = DayRecomputer.swift; sourceTree = "<group>"; };
		93E8FCB4644BEF30243AAFC1 /* BLEManager.swift */ = {isa = PBXFileReference; lastKnownFileType = sourcecode.swift; path = BLEManager.swift; sourceTree = "<group>"; };
		97FEBE773AD5460BB8B0F5FA /* CRCCalculator.swift */ = {isa = PBXFileReference; lastKnownFileType = sourcecode.swift; path = CRCCalculator.swift; sourceTree = "<group>"; };
		99FBF2B91C0D3AF80D916FDB /* TrendsView.swift */ = {isa = PBXFileReference; lastKnownFileType = sourcecode.swift; path = TrendsView.swift; sourceTree = "<group>"; };
		9CD6BF84B6F551612040A407 /* StepDetector.swift */ = {isa = PBXFileReference; lastKnownFileType = sourcecode.swift; path = StepDetector.swift; sourceTree = "<group>"; };
		A084D0690E2305CCA47D4A07 /* HealthKitWriter.swift */ = {isa = PBXFileReference; lastKnownFileType = sourcecode.swift; path = HealthKitWriter.swift; sourceTree = "<group>"; };
		A4653D851872D7522260FDD0 /* RawDataStore.swift */ = {isa = PBXFileReference; lastKnownFileType = sourcecode.swift; path = RawDataStore.swift; sourceTree = "<group>"; };
		B8BD33F57A938D91BA551456 /* PacketDecoder.swift */ = {isa = PBXFileReference; lastKnownFileType = sourcecode.swift; path = PacketDecoder.swift; sourceTree = "<group>"; };
		BD70C4B3C5EEB6FE6429B9C1 /* WhoopBLE.app */ = {isa = PBXFileReference; includeInIndex = 0; lastKnownFileType = wrapper.application; path = WhoopBLE.app; sourceTree = BUILT_PRODUCTS_DIR; };
		D6413D09B4172B6F39A31DC9 /* ContentView.swift */ = {isa = PBXFileReference; lastKnownFileType = sourcecode.swift; path = ContentView.swift; sourceTree = "<group>"; };
		E01A4BD26A817A3C05C06C57 /* SleepDetector.swift */ = {isa = PBXFileReference; lastKnownFileType = sourcecode.swift; path = SleepDetector.swift; sourceTree = "<group>"; };
		E7564FF39AD2E65709967694 /* WhoopBLEApp.swift */ = {isa = PBXFileReference; lastKnownFileType = sourcecode.swift; path = WhoopBLEApp.swift; sourceTree = "<group>"; };
/* End PBXFileReference section */

/* Begin PBXGroup section */
		016175FE43740A0396BEFD77 /* Sources */ = {
			isa = PBXGroup;
			children = (
				E7564FF39AD2E65709967694 /* WhoopBLEApp.swift */,
				DF2ED98F5D67A29B476AAF2C /* BLE */,
				69EDE1EF64AFC8A6E78F1EAB /* Health */,
				4A739E9FDAB3957AF5666B4F /* Models */,
				1FB860ADB97B64C22B411F0C /* Processing */,
				95D5F1486FE50D71B24FE3F2 /* Views */,
			);
			path = Sources;
			sourceTree = "<group>";
		};
		1FB860ADB97B64C22B411F0C /* Processing */ = {
			isa = PBXGroup;
			children = (
				0349276BE94FFD7A25F595E0 /* DailyMetricsStore.swift */,
				90728F9EAEFFEC25DE07724C /* DayRecomputer.swift */,
				830EC36F2F1BAC34CF765DA4 /* LiveSleepMonitor.swift */,
				A4653D851872D7522260FDD0 /* RawDataStore.swift */,
				3DCA2AB257BCFB5931BE067B /* RecomputeQueue.swift */,
				E01A4BD26A817A3C05C06C57 /* SleepDetector.swift */,
				9CD6BF84B6F551612040A407 /* StepDetector.swift */,
			);
			path = Processing;
			sourceTree = "<group>";
		};
		4A739E9FDAB3957AF5666B4F /* Models */ = {
			isa = PBXGroup;
			children = (
				410BC2910759D484A20B8AD0 /* WhoopMetrics.swift */,
			);
			path = Models;
			sourceTree = "<group>";
		};
		69EDE1EF64AFC8A6E78F1EAB /* Health */ = {
			isa = PBXGroup;
			children = (
				A084D0690E2305CCA47D4A07 /* HealthKitWriter.swift */,
			);
			path = Health;
			sourceTree = "<group>";
		};
		9257D568C6C1DBA99908B1AA = {
			isa = PBXGroup;
			children = (
				016175FE43740A0396BEFD77 /* Sources */,
				CD0BEDB5AD2B82668C57A662 /* Products */,
			);
			sourceTree = "<group>";
		};
		95D5F1486FE50D71B24FE3F2 /* Views */ = {
			isa = PBXGroup;
			children = (
				D6413D09B4172B6F39A31DC9 /* ContentView.swift */,
				76B6829834069A9E618EFF04 /* DashboardView.swift */,
				330266F8329ED2CC8AA7A06D /* SettingsView.swift */,
				03CA40D26954D913698EE9C9 /* SleepView.swift */,
				99FBF2B91C0D3AF80D916FDB /* TrendsView.swift */,
			);
			path = Views;
			sourceTree = "<group>";
		};
		CD0BEDB5AD2B82668C57A662 /* Products */ = {
			isa = PBXGroup;
			children = (
				BD70C4B3C5EEB6FE6429B9C1 /* WhoopBLE.app */,
			);
			name = Products;
			sourceTree = "<group>";
		};
		DF2ED98F5D67A29B476AAF2C /* BLE */ = {
			isa = PBXGroup;
			children = (
				93E8FCB4644BEF30243AAFC1 /* BLEManager.swift */,
				97FEBE773AD5460BB8B0F5FA /* CRCCalculator.swift */,
				3E88A5C81A389A2D77FF70B0 /* MetricsStore.swift */,
				B8BD33F57A938D91BA551456 /* PacketDecoder.swift */,
				54581F0DACB0F9EB7A30FEBD /* SyncManager.swift */,
			);
			path = BLE;
			sourceTree = "<group>";
		};
/* End PBXGroup section */

/* Begin PBXNativeTarget section */
		3CBB885985D5126978C03525 /* WhoopBLE */ = {
			isa = PBXNativeTarget;
			buildConfigurationList = E84DE7B1F79577680507489C /* Build configuration list for PBXNativeTarget "WhoopBLE" */;
			buildPhases = (
				D6E4039031B212C562D94DA4 /* Sources */,
			);
			buildRules = (
			);
			dependencies = (
			);
			name = WhoopBLE;
			packageProductDependencies = (
			);
			productName = WhoopBLE;
			productReference = BD70C4B3C5EEB6FE6429B9C1 /* WhoopBLE.app */;
			productType = "com.apple.product-type.application";
		};
/* End PBXNativeTarget section */

/* Begin PBXProject section */
		D19AFE5F235F704FB9F999E5 /* Project object */ = {
			isa = PBXProject;
			attributes = {
				BuildIndependentTargetsInParallel = YES;
				LastUpgradeCheck = 1430;
				TargetAttributes = {
					3CBB885985D5126978C03525 = {
						DevelopmentTeam = 2Z848WW3KQ;
						ProvisioningStyle = Automatic;
					};
				};
			};
			buildConfigurationList = FCABD2CC446AFC6592C2F517 /* Build configuration list for PBXProject "WhoopBLE" */;
			developmentRegion = en;
			hasScannedForEncodings = 0;
			knownRegions = (
				Base,
				en,
			);
			mainGroup = 9257D568C6C1DBA99908B1AA;
			minimizedProjectReferenceProxies = 1;
			preferredProjectObjectVersion = 77;
			productRefGroup = CD0BEDB5AD2B82668C57A662 /* Products */;
			projectDirPath = "";
			projectRoot = "";
			targets = (
				3CBB885985D5126978C03525 /* WhoopBLE */,
			);
		};
/* End PBXProject section */

/* Begin PBXSourcesBuildPhase section */
		D6E4039031B212C562D94DA4 /* Sources */ = {
			isa = PBXSourcesBuildPhase;
			buildActionMask = 2147483647;
			files = (
				37CA09096F432638785A8EE8 /* BLEManager.swift in Sources */,
				B67EF2627BE4AD2E0CE4FEEA /* CRCCalculator.swift in Sources */,
				194B07C23C8C2B57F38B8D36 /* ContentView.swift in Sources */,
				6D33EC719FBB4FC0DD4EC315 /* DailyMetricsStore.swift in Sources */,
				A07CA9BF4B7B06E72BF3D2A8 /* DashboardView.swift in Sources */,
				A5189022475BB883E1AB5126 /* DayRecomputer.swift in Sources */,
				B005A467D70C532DDD48CA9C /* HealthKitWriter.swift in Sources */,
				21A7AF08090EE465FD7368DD /* LiveSleepMonitor.swift in Sources */,
				AA40DAAC558A12A6F51482FE /* MetricsStore.swift in Sources */,
				B35343FB7B8100C45464635E /* PacketDecoder.swift in Sources */,
				92FEB1641D9F179539623770 /* RawDataStore.swift in Sources */,
				40CD18C81F970D1BEBFA847A /* RecomputeQueue.swift in Sources */,
				F76ACA8588B604224E8FE95F /* SettingsView.swift in Sources */,
				92EFED5267F03F60CDC58D5E /* SleepDetector.swift in Sources */,
				0B3E5BF68315A0668768CC2B /* SleepView.swift in Sources */,
				6EE5F1DEC9C468634A3AA327 /* StepDetector.swift in Sources */,
				828BDC8797B2CD83B7FD78CA /* SyncManager.swift in Sources */,
				10A860DB7CE0E68079263FCD /* TrendsView.swift in Sources */,
				1A4D4377D11AC701018C6AFB /* WhoopBLEApp.swift in Sources */,
				157511806C3C5DFB318E36F8 /* WhoopMetrics.swift in Sources */,
			);
			runOnlyForDeploymentPostprocessing = 0;
		};
/* End PBXSourcesBuildPhase section */

/* Begin XCBuildConfiguration section */
		0D641884037D74F29B3734CB /* Release */ = {
			isa = XCBuildConfiguration;
			buildSettings = {
				ASSETCATALOG_COMPILER_APPICON_NAME = AppIcon;
				CODE_SIGN_ENTITLEMENTS = WhoopBLE.entitlements;
				CODE_SIGN_IDENTITY = "iPhone Developer";
				DEVELOPMENT_TEAM = 2Z848WW3KQ;
				GENERATE_INFOPLIST_FILE = NO;
				INFOPLIST_FILE = "WhoopBLE-Info.plist";
				IPHONEOS_DEPLOYMENT_TARGET = 16.0;
				LD_RUNPATH_SEARCH_PATHS = (
					"$(inherited)",
					"@executable_path/Frameworks",
				);
				PRODUCT_BUNDLE_IDENTIFIER = com.personal.WhoopBLE;
				SDKROOT = iphoneos;
				TARGETED_DEVICE_FAMILY = "1,2";
			};
			name = Release;
		};
		4E9384399838276C56874E26 /* Debug */ = {
			isa = XCBuildConfiguration;
			buildSettings = {
				ASSETCATALOG_COMPILER_APPICON_NAME = AppIcon;
				CODE_SIGN_ENTITLEMENTS = WhoopBLE.entitlements;
				CODE_SIGN_IDENTITY = "iPhone Developer";
				DEVELOPMENT_TEAM = 2Z848WW3KQ;
				GENERATE_INFOPLIST_FILE = NO;
				INFOPLIST_FILE = "WhoopBLE-Info.plist";
				IPHONEOS_DEPLOYMENT_TARGET = 16.0;
				LD_RUNPATH_SEARCH_PATHS = (
					"$(inherited)",
					"@executable_path/Frameworks",
				);
				PRODUCT_BUNDLE_IDENTIFIER = com.personal.WhoopBLE;
				SDKROOT = iphoneos;
				TARGETED_DEVICE_FAMILY = "1,2";
			};
			name = Debug;
		};
		6D702F99039E7FA20B4641C4 /* Debug */ = {
			isa = XCBuildConfiguration;
			buildSettings = {
				ALWAYS_SEARCH_USER_PATHS = NO;
				CLANG_ANALYZER_NONNULL = YES;
				CLANG_ANALYZER_NUMBER_OBJECT_CONVERSION = YES_AGGRESSIVE;
				CLANG_CXX_LANGUAGE_STANDARD = "gnu++14";
				CLANG_CXX_LIBRARY = "libc++";
				CLANG_ENABLE_MODULES = YES;
				CLANG_ENABLE_OBJC_ARC = YES;
				CLANG_ENABLE_OBJC_WEAK = YES;
				CLANG_WARN_BLOCK_CAPTURE_AUTORELEASING = YES;
				CLANG_WARN_BOOL_CONVERSION = YES;
				CLANG_WARN_COMMA = YES;
				CLANG_WARN_CONSTANT_CONVERSION = YES;
				CLANG_WARN_DEPRECATED_OBJC_IMPLEMENTATIONS = YES;
				CLANG_WARN_DIRECT_OBJC_ISA_USAGE = YES_ERROR;
				CLANG_WARN_DOCUMENTATION_COMMENTS = YES;
				CLANG_WARN_EMPTY_BODY = YES;
				CLANG_WARN_ENUM_CONVERSION = YES;
				CLANG_WARN_INFINITE_RECURSION = YES;
				CLANG_WARN_INT_CONVERSION = YES;
				CLANG_WARN_NON_LITERAL_NULL_CONVERSION = YES;
				CLANG_WARN_OBJC_IMPLICIT_RETAIN_SELF = YES;
				CLANG_WARN_OBJC_LITERAL_CONVERSION = YES;
				CLANG_WARN_OBJC_ROOT_CLASS = YES_ERROR;
				CLANG_WARN_QUOTED_INCLUDE_IN_FRAMEWORK_HEADER = YES;
				CLANG_WARN_RANGE_LOOP_ANALYSIS = YES;
				CLANG_WARN_STRICT_PROTOTYPES = YES;
				CLANG_WARN_SUSPICIOUS_MOVE = YES;
				CLANG_WARN_UNGUARDED_AVAILABILITY = YES_AGGRESSIVE;
				CLANG_WARN_UNREACHABLE_CODE = YES;
				CLANG_WARN__DUPLICATE_METHOD_MATCH = YES;
				CODE_SIGN_STYLE = Automatic;
				COPY_PHASE_STRIP = NO;
				DEBUG_INFORMATION_FORMAT = dwarf;
				ENABLE_STRICT_OBJC_MSGSEND = YES;
				ENABLE_TESTABILITY = YES;
				GCC_C_LANGUAGE_STANDARD = gnu11;
				GCC_DYNAMIC_NO_PIC = NO;
				GCC_NO_COMMON_BLOCKS = YES;
				GCC_OPTIMIZATION_LEVEL = 0;
				GCC_PREPROCESSOR_DEFINITIONS = (
					"$(inherited)",
					"DEBUG=1",
				);
				GCC_WARN_64_TO_32_BIT_CONVERSION = YES;
				GCC_WARN_ABOUT_RETURN_TYPE = YES_ERROR;
				GCC_WARN_UNDECLARED_SELECTOR = YES;
				GCC_WARN_UNINITIALIZED_AUTOS = YES_AGGRESSIVE;
				GCC_WARN_UNUSED_FUNCTION = YES;
				GCC_WARN_UNUSED_VARIABLE = YES;
				IPHONEOS_DEPLOYMENT_TARGET = 16.0;
				MTL_ENABLE_DEBUG_INFO = INCLUDE_SOURCE;
				MTL_FAST_MATH = YES;
				ONLY_ACTIVE_ARCH = YES;
				PRODUCT_NAME = "$(TARGET_NAME)";
				SDKROOT = iphoneos;
				SWIFT_ACTIVE_COMPILATION_CONDITIONS = DEBUG;
				SWIFT_OPTIMIZATION_LEVEL = "-Onone";
				SWIFT_STRICT_CONCURRENCY = complete;
				SWIFT_VERSION = 6.0;
				TARGETED_DEVICE_FAMILY = 1;
			};
			name = Debug;
		};
		BA27ACE519A88F2F3E844586 /* Release */ = {
			isa = XCBuildConfiguration;
			buildSettings = {
				ALWAYS_SEARCH_USER_PATHS = NO;
				CLANG_ANALYZER_NONNULL = YES;
				CLANG_ANALYZER_NUMBER_OBJECT_CONVERSION = YES_AGGRESSIVE;
				CLANG_CXX_LANGUAGE_STANDARD = "gnu++14";
				CLANG_CXX_LIBRARY = "libc++";
				CLANG_ENABLE_MODULES = YES;
				CLANG_ENABLE_OBJC_ARC = YES;
				CLANG_ENABLE_OBJC_WEAK = YES;
				CLANG_WARN_BLOCK_CAPTURE_AUTORELEASING = YES;
				CLANG_WARN_BOOL_CONVERSION = YES;
				CLANG_WARN_COMMA = YES;
				CLANG_WARN_CONSTANT_CONVERSION = YES;
				CLANG_WARN_DEPRECATED_OBJC_IMPLEMENTATIONS = YES;
				CLANG_WARN_DIRECT_OBJC_ISA_USAGE = YES_ERROR;
				CLANG_WARN_DOCUMENTATION_COMMENTS = YES;
				CLANG_WARN_EMPTY_BODY = YES;
				CLANG_WARN_ENUM_CONVERSION = YES;
				CLANG_WARN_INFINITE_RECURSION = YES;
				CLANG_WARN_INT_CONVERSION = YES;
				CLANG_WARN_NON_LITERAL_NULL_CONVERSION = YES;
				CLANG_WARN_OBJC_IMPLICIT_RETAIN_SELF = YES;
				CLANG_WARN_OBJC_LITERAL_CONVERSION = YES;
				CLANG_WARN_OBJC_ROOT_CLASS = YES_ERROR;
				CLANG_WARN_QUOTED_INCLUDE_IN_FRAMEWORK_HEADER = YES;
				CLANG_WARN_RANGE_LOOP_ANALYSIS = YES;
				CLANG_WARN_STRICT_PROTOTYPES = YES;
				CLANG_WARN_SUSPICIOUS_MOVE = YES;
				CLANG_WARN_UNGUARDED_AVAILABILITY = YES_AGGRESSIVE;
				CLANG_WARN_UNREACHABLE_CODE = YES;
				CLANG_WARN__DUPLICATE_METHOD_MATCH = YES;
				CODE_SIGN_STYLE = Automatic;
				COPY_PHASE_STRIP = NO;
				DEBUG_INFORMATION_FORMAT = "dwarf-with-dsym";
				ENABLE_NS_ASSERTIONS = NO;
				ENABLE_STRICT_OBJC_MSGSEND = YES;
				GCC_C_LANGUAGE_STANDARD = gnu11;
				GCC_NO_COMMON_BLOCKS = YES;
				GCC_WARN_64_TO_32_BIT_CONVERSION = YES;
				GCC_WARN_ABOUT_RETURN_TYPE = YES_ERROR;
				GCC_WARN_UNDECLARED_SELECTOR = YES;
				GCC_WARN_UNINITIALIZED_AUTOS = YES_AGGRESSIVE;
				GCC_WARN_UNUSED_FUNCTION = YES;
				GCC_WARN_UNUSED_VARIABLE = YES;
				IPHONEOS_DEPLOYMENT_TARGET = 16.0;
				MTL_ENABLE_DEBUG_INFO = NO;
				MTL_FAST_MATH = YES;
				PRODUCT_NAME = "$(TARGET_NAME)";
				SDKROOT = iphoneos;
				SWIFT_COMPILATION_MODE = wholemodule;
				SWIFT_OPTIMIZATION_LEVEL = "-O";
				SWIFT_STRICT_CONCURRENCY = complete;
				SWIFT_VERSION = 6.0;
				TARGETED_DEVICE_FAMILY = 1;
			};
			name = Release;
		};
/* End XCBuildConfiguration section */

/* Begin XCConfigurationList section */
		E84DE7B1F79577680507489C /* Build configuration list for PBXNativeTarget "WhoopBLE" */ = {
			isa = XCConfigurationList;
			buildConfigurations = (
				4E9384399838276C56874E26 /* Debug */,
				0D641884037D74F29B3734CB /* Release */,
			);
			defaultConfigurationIsVisible = 0;
			defaultConfigurationName = Debug;
		};
		FCABD2CC446AFC6592C2F517 /* Build configuration list for PBXProject "WhoopBLE" */ = {
			isa = XCConfigurationList;
			buildConfigurations = (
				6D702F99039E7FA20B4641C4 /* Debug */,
				BA27ACE519A88F2F3E844586 /* Release */,
			);
			defaultConfigurationIsVisible = 0;
			defaultConfigurationName = Debug;
		};
/* End XCConfigurationList section */
	};
	rootObject = D19AFE5F235F704FB9F999E5 /* Project object */;
}
